{
    "_meta": {
        "hash": {
            "sha256": "3cf48c4582db0e16b54da15e6bac2150f6d8b50bf9fc50b2994f60252dbc4496"
        },
        "pipfile-spec": 6,
        "requires": {
            "python_version": "3"
        },
        "sources": [
            {
                "name": "pypi",
                "url": "https://pypi.org/simple",
                "verify_ssl": true
            }
        ]
    },
    "default": {
        "appdirs": {
            "hashes": [
                "sha256:9e5896d1372858f8dd3344faf4e5014d21849c756c8d5701f78f8a103b372d92",
                "sha256:d8b24664561d0d34ddfaec54636d502d7cea6e29c3eaf68f3df6180863e2166e"
            ],
            "version": "==1.4.3"
        },
        "astroid": {
            "hashes": [
                "sha256:09a3fba616519311f1af8a461f804b68f0370e100c9264a035aa7846d7852e33",
                "sha256:5a79c9b4bd6c4be777424593f957c996e20beb5f74e0bc332f47713c6f675efe"
            ],
            "version": "==2.3.2"
        },
        "beem": {
            "hashes": [
                "sha256:bacd0c0d398c19b7a6e465770986c0175f0e772754bcd793a350ec05ad32decd",
                "sha256:ca6a977dbe351322f46ec92b9c9beb6411e0f0d9780572e39b7ba8b44e4a0147"
            ],
            "index": "pypi",
            "version": "==0.20.18"
        },
        "certifi": {
            "hashes": [
                "sha256:e4f3620cfea4f83eedc95b24abd9cd56f3c4b146dd0177e83a21b4eb49e21e50",
                "sha256:fd7c7c74727ddcf00e9acd26bba8da604ffec95bf1c2144e67aff7a8b50e6cef"
            ],
            "version": "==2019.9.11"
        },
        "chardet": {
            "hashes": [
                "sha256:84ab92ed1c4d4f16916e05906b6b75a6c0fb5db821cc65e70cbd64a3e2a5eaae",
                "sha256:fc323ffcaeaed0e0a02bf4d117757b98aed530d9ed4531e3e15460124c106691"
            ],
            "version": "==3.0.4"
        },
        "click": {
            "hashes": [
                "sha256:2335065e6395b9e67ca716de5f7526736bfa6ceead690adf616d925bdc622b13",
                "sha256:5b94b49521f6456670fdb30cd82a4eca9412788a93fa6dd6df72c94d5a8ff2d7"
            ],
            "version": "==7.0"
        },
        "django": {
            "hashes": [
                "sha256:275bec66fd2588dd517ada59b8bfb23d4a9abc5a362349139ddda3c7ff6f5ade",
                "sha256:939652e9d34d7d53d74d5d8ef82a19e5f8bb2de75618f7e5360691b6e9667963"
            ],
            "index": "pypi",
            "version": "==2.1.7"
        },
        "django-filter": {
            "hashes": [
                "sha256:3dafb7d2810790498895c22a1f31b2375795910680ac9c1432821cbedb1e176d",
                "sha256:a3014de317bef0cd43075a0f08dfa1d319a7ccc5733c3901fb860da70b0dda68"
            ],
            "index": "pypi",
            "version": "==2.1.0"
        },
        "djangorestframework": {
            "hashes": [
                "sha256:79c6efbb2514bc50cf25906d7c0a5cfead714c7af667ff4bd110312cd380ae66",
                "sha256:a4138613b67e3a223be6c97f53b13d759c5b90d2b433bad670b8ebf95402075f"
            ],
            "index": "pypi",
            "version": "==3.9.1"
        },
        "ecdsa": {
            "hashes": [
                "sha256:163c80b064a763ea733870feb96f9dd9b92216cfcacd374837af18e4e8ec3d4d",
                "sha256:9814e700890991abeceeb2242586024d4758c8fc18445b194a49bd62d85861db"
            ],
            "index": "pypi",
            "version": "==0.13.3"
        },
        "events": {
            "hashes": [
                "sha256:f4d9c41a5c160ce504278f219fe56f44242ca63794a0ad638b52d1e087ac2a41"
            ],
            "version": "==0.3"
        },
        "future": {
            "hashes": [
                "sha256:858e38522e8fd0d3ce8f0c1feaf0603358e366d5403209674c7b617fa0c24093"
            ],
            "version": "==0.18.1"
        },
        "gunicorn": {
            "hashes": [
                "sha256:aa8e0b40b4157b36a5df5e599f45c9c76d6af43845ba3b3b0efe2c70473c2471",
                "sha256:fa2662097c66f920f53f70621c6c58ca4a3c4d3434205e608e121b5b3b71f4f3"
            ],
            "index": "pypi",
            "version": "==19.9.0"
        },
        "idna": {
            "hashes": [
                "sha256:c357b3f628cf53ae2c4c05627ecc484553142ca23264e593d327bcde5e9c3407",
                "sha256:ea8b7f6188e6fa117537c3df7da9fc686d485087abf6ac197f9c46432f7e4a3c"
            ],
            "version": "==2.8"
        },
        "isort": {
            "hashes": [
                "sha256:54da7e92468955c4fceacd0c86bd0ec997b0e1ee80d97f67c35a78b719dccab1",
                "sha256:6e811fcb295968434526407adb8796944f1988c5b65e8139058f2014cbe100fd"
            ],
            "version": "==4.3.21"
        },
        "lazy-object-proxy": {
            "hashes": [
                "sha256:02b260c8deb80db09325b99edf62ae344ce9bc64d68b7a634410b8e9a568edbf",
                "sha256:18f9c401083a4ba6e162355873f906315332ea7035803d0fd8166051e3d402e3",
                "sha256:1f2c6209a8917c525c1e2b55a716135ca4658a3042b5122d4e3413a4030c26ce",
                "sha256:2f06d97f0ca0f414f6b707c974aaf8829c2292c1c497642f63824119d770226f",
                "sha256:616c94f8176808f4018b39f9638080ed86f96b55370b5a9463b2ee5c926f6c5f",
                "sha256:63b91e30ef47ef68a30f0c3c278fbfe9822319c15f34b7538a829515b84ca2a0",
                "sha256:77b454f03860b844f758c5d5c6e5f18d27de899a3db367f4af06bec2e6013a8e",
                "sha256:83fe27ba321e4cfac466178606147d3c0aa18e8087507caec78ed5a966a64905",
                "sha256:84742532d39f72df959d237912344d8a1764c2d03fe58beba96a87bfa11a76d8",
                "sha256:874ebf3caaf55a020aeb08acead813baf5a305927a71ce88c9377970fe7ad3c2",
                "sha256:9f5caf2c7436d44f3cec97c2fa7791f8a675170badbfa86e1992ca1b84c37009",
                "sha256:a0c8758d01fcdfe7ae8e4b4017b13552efa7f1197dd7358dc9da0576f9d0328a",
                "sha256:a4def978d9d28cda2d960c279318d46b327632686d82b4917516c36d4c274512",
                "sha256:ad4f4be843dace866af5fc142509e9b9817ca0c59342fdb176ab6ad552c927f5",
                "sha256:ae33dd198f772f714420c5ab698ff05ff900150486c648d29951e9c70694338e",
                "sha256:b4a2b782b8a8c5522ad35c93e04d60e2ba7f7dcb9271ec8e8c3e08239be6c7b4",
                "sha256:c462eb33f6abca3b34cdedbe84d761f31a60b814e173b98ede3c81bb48967c4f",
                "sha256:fd135b8d35dfdcdb984828c84d695937e58cc5f49e1c854eb311c4d6aa03f4f1"
            ],
            "version": "==1.4.2"
        },
        "markdown": {
            "hashes": [
                "sha256:c00429bd503a47ec88d5e30a751e147dcb4c6889663cd3e2ba0afe858e009baa",
                "sha256:d02e0f9b04c500cde6637c11ad7c72671f359b87b9fe924b2383649d8841db7c"
            ],
            "index": "pypi",
            "version": "==3.0.1"
        },
        "mccabe": {
            "hashes": [
                "sha256:ab8a6258860da4b6677da4bd2fe5dc2c659cff31b3ee4f7f5d64e79735b80d42",
                "sha256:dd8d182285a0fe56bace7f45b5e7d1a6ebcbf524e8f3bd87eb0f125271b8831f"
            ],
            "version": "==0.6.1"
        },
        "mysql-connector-python": {
            "hashes": [
                "sha256:01b168ef896e524b88675795783da2c37c4958d557c25bfe04558e4296cd1ee5",
                "sha256:037bde8da566ec342f5014b409240ee8e89ac9fdbce9a358643e88e458f35125",
                "sha256:3770fb563635438f1aff2e83f5e6b2e08a799d804d4dabdbb5d393444608a658",
                "sha256:3d05de72009aa4c9082d1f11e79d93229258a51ae478a9554b4badcbb67db33a",
                "sha256:403f6b113604c387c2d53b1ad6228d336260dc061ba8449a608454fdbce0247d",
                "sha256:43af3b9358d00614ec4832b38a98866c0593cb2c7121c30ca33af48480454c74",
                "sha256:4de8824d8c26edd246b1174e319099c375a7639488c475268d6459f94f40229d",
                "sha256:5eaf324580d891ad0556daf6c334473707ba62fccc59782edc82a19d45510850",
                "sha256:6550043d08406d4a78c53315a53452ab7dde162218daac8ab330e52262e972ad",
                "sha256:6ff25090b8887a70e6d0f89e5e6c9eb49475d444efc180954fc6d9cc0e0607b6",
                "sha256:818d6ac938d5e340744fc56fe773a5153911ef44ee2a4b98d874dede4e14677b",
                "sha256:a67f8072b222351534e5a2d3af3a5f521e8f7a431541c4d054be3084ae554534",
                "sha256:a6a51636cc3b96ff6d1dfe33b00caa49e5ddf1dd607c34571e00e01b7e19f600",
                "sha256:b4308928e2ca113b077f7f4ad14611af60700015135ec522d5ac0cf7d0127bae",
                "sha256:b7ba68f779ff3203d29948462200dd7c6c01b25f7145e4995410c7c10dfa06ee",
                "sha256:bd085adce53817643b40e0ef9c664e6a1924b1bed43e197aebb2fe20625f09d9",
                "sha256:c86dae735a4a49c388ff01f69f0797e8619c5344d50c82edec70574a8a4f1ae9",
                "sha256:ead74bd4ebca9358cb08c581a31cf81bf9fc8acc6fc5cc6f0dbbd2fd096a78bf",
                "sha256:f0d2dee9adb85c1e32c980dac6e35d7f4869e56d8da550e4d836b9a5271bcf4e"
            ],
            "index": "pypi",
            "version": "==8.0.15"
        },
        "mysqlclient": {
            "hashes": [
                "sha256:425e733b05e359a714d6007c0fc44582be66b63e5a3df0a50949274ae16f4bc6",
                "sha256:62e4770b6a797b9416bcf70488365b7d6b9c9066878108499c559293bb464380",
                "sha256:f257d250f2675d0ef99bd318906f3cfc05cef4a2f385ea695ff32a3f04b9f9a7"
            ],
            "index": "pypi",
            "version": "==1.4.2.post1"
        },
        "numpy": {
            "hashes": [
                "sha256:0b0dd8f47fb177d00fa6ef2d58783c4f41ad3126b139c91dd2f7c4b3fdf5e9a5",
                "sha256:25ffe71f96878e1da7e014467e19e7db90ae7d4e12affbc73101bcf61785214e",
                "sha256:26efd7f7d755e6ca966a5c0ac5a930a87dbbaab1c51716ac26a38f42ecc9bc4b",
                "sha256:28b1180c758abf34a5c3fea76fcee66a87def1656724c42bb14a6f9717a5bdf7",
                "sha256:2e418f0a59473dac424f888dd57e85f77502a593b207809211c76e5396ae4f5c",
                "sha256:30c84e3a62cfcb9e3066f25226e131451312a044f1fe2040e69ce792cb7de418",
                "sha256:4650d94bb9c947151737ee022b934b7d9a845a7c76e476f3e460f09a0c8c6f39",
                "sha256:4dd830a11e8724c9c9379feed1d1be43113f8bcce55f47ea7186d3946769ce26",
                "sha256:4f2a2b279efde194877aff1f76cf61c68e840db242a5c7169f1ff0fd59a2b1e2",
                "sha256:62d22566b3e3428dfc9ec972014c38ed9a4db4f8969c78f5414012ccd80a149e",
                "sha256:669795516d62f38845c7033679c648903200980d68935baaa17ac5c7ae03ae0c",
                "sha256:75fcd60d682db3e1f8fbe2b8b0c6761937ad56d01c1dc73edf4ef2748d5b6bc4",
                "sha256:9395b0a41e8b7e9a284e3be7060db9d14ad80273841c952c83a5afc241d2bd98",
                "sha256:9e37c35fc4e9410093b04a77d11a34c64bf658565e30df7cbe882056088a91c1",
                "sha256:a0678793096205a4d784bd99f32803ba8100f639cf3b932dc63b21621390ea7e",
                "sha256:b46554ad4dafb2927f88de5a1d207398c5385edbb5c84d30b3ef187c4a3894d8",
                "sha256:c867eeccd934920a800f65c6068acdd6b87e80d45cd8c8beefff783b23cdc462",
                "sha256:dd0667f5be56fb1b570154c2c0516a528e02d50da121bbbb2cbb0b6f87f59bc2",
                "sha256:de2b1c20494bdf47f0160bd88ed05f5e48ae5dc336b8de7cfade71abcc95c0b9",
                "sha256:f1df7b2b7740dd777571c732f98adb5aad5450aee32772f1b39249c8a50386f6",
                "sha256:ffca69e29079f7880c5392bf675eb8b4146479d976ae1924d01cd92b04cccbcc"
            ],
            "version": "==1.17.3"
        },
        "pandas": {
            "hashes": [
                "sha256:02c830f951f3dc8c3164e2639a8961881390f7492f71a7835c2330f54539ad57",
                "sha256:179015834c72a577486337394493cc2969feee9a04a2ea09f50c724e4b52ab42",
                "sha256:3894960d43c64cfea5142ac783b101362f5008ee92e962392156a3f8d1558995",
                "sha256:435821cb2501eabbcee7e83614bd710940dc0cf28b5afbc4bdb816c31cec71af",
                "sha256:8294dea9aa1811f93558702856e3b68dd1dfd7e9dbc8e0865918a07ee0f21c2c",
                "sha256:844e745ab27a9a01c86925fe776f9d2e09575e65f0bf8eba5090edddd655dffc",
                "sha256:a08d49f5fa2a2243262fe5581cb89f6c0c7cc525b8d6411719ab9400a9dc4a82",
                "sha256:a435c251246075337eb9fdc4160fd15c8a87cc0679d8d61fb5255d8d5a12f044",
                "sha256:a799f03c0ec6d8687f425d7d6c075e8055a9a808f1ba87604d91f20507631d8d",
                "sha256:aea72ce5b3a016b578cc05c04a2f68d9cafacf5d784b6fe832e66381cb62c719",
                "sha256:c145e94c6da2af7eaf1fd827293ac1090a61a9b80150bebe99f8966a02378db9",
                "sha256:c8a7b470c88c779301b73b23cabdbbd94b83b93040b2ccffa409e06df23831c0",
                "sha256:c9e31b36abbd7b94c547d9047f13e1546e3ba967044cf4f9718575fcb7b81bb6",
                "sha256:d960b7a03c33c328c723cfc2f8902a6291645f4efa0a5c1d4c5fa008cdc1ea77",
                "sha256:da21fae4c173781b012217c9444f13c67449957a4d45184a9718268732c09564",
                "sha256:db26c0fea0bd7d33c356da98bafd2c0dfb8f338e45e2824ff8f4f3e61b5c5f25",
                "sha256:dc296c3f16ec620cfb4daf0f672e3c90f3920ece8261b2760cd0ebd9cd4daa55",
                "sha256:e8da67cb2e9333ec30d53cfb96e27a4865d1648688e5471699070d35d8ab38cf",
                "sha256:fb4f047a63f91f22aade4438aaf790400b96644e802daab4293e9b799802f93f",
                "sha256:fef9939176cba0c2526ebeefffb8b9807543dc0954877b7226f751ec1294a869"
            ],
            "index": "pypi",
            "version": "==0.24.1"
        },
        "prettytable": {
            "hashes": [
                "sha256:2d5460dc9db74a32bcc8f9f67de68b2c4f4d2f01fa3bd518764c69156d9cacd9",
                "sha256:853c116513625c738dc3ce1aee148b5b5757a86727e67eff6502c7ca59d43c36",
                "sha256:a53da3b43d7a5c229b5e3ca2892ef982c46b7923b51e98f0db49956531211c4f"
            ],
            "version": "==0.7.2"
        },
        "protobuf": {
            "hashes": [
                "sha256:125713564d8cfed7610e52444c9769b8dcb0b55e25cc7841f2290ee7bc86636f",
                "sha256:1accdb7a47e51503be64d9a57543964ba674edac103215576399d2d0e34eac77",
                "sha256:27003d12d4f68e3cbea9eb67427cab3bfddd47ff90670cb367fcd7a3a89b9657",
                "sha256:3264f3c431a631b0b31e9db2ae8c927b79fc1a7b1b06b31e8e5bcf2af91fe896",
                "sha256:3c5ab0f5c71ca5af27143e60613729e3488bb45f6d3f143dc918a20af8bab0bf",
                "sha256:45dcf8758873e3f69feab075e5f3177270739f146255225474ee0b90429adef6",
                "sha256:56a77d61a91186cc5676d8e11b36a5feb513873e4ae88d2ee5cf530d52bbcd3b",
                "sha256:5984e4947bbcef5bd849d6244aec507d31786f2dd3344139adc1489fb403b300",
                "sha256:6b0441da73796dd00821763bb4119674eaf252776beb50ae3883bed179a60b2a",
                "sha256:6f6677c5ade94d4fe75a912926d6796d5c71a2a90c2aeefe0d6f211d75c74789",
                "sha256:84a825a9418d7196e2acc48f8746cf1ee75877ed2f30433ab92a133f3eaf8fbe",
                "sha256:b842c34fe043ccf78b4a6cf1019d7b80113707d68c88842d061fa2b8fb6ddedc",
                "sha256:ca33d2f09dae149a1dcf942d2d825ebb06343b77b437198c9e2ef115cf5d5bc1",
                "sha256:db83b5c12c0cd30150bb568e6feb2435c49ce4e68fe2d7b903113f0e221e58fe",
                "sha256:f50f3b1c5c1c1334ca7ce9cad5992f098f460ffd6388a3cabad10b66c2006b09",
                "sha256:f99f127909731cafb841c52f9216e447d3e4afb99b17bebfad327a75aee206de"
            ],
            "version": "==3.10.0"
        },
        "pycryptodomex": {
            "hashes": [
                "sha256:020928b2831b2047288c9143f41c6690eb669d60761c7ca8c5ca743a2c51517c",
                "sha256:0ce1950ba6544eca4d6fd7386e2502d4bd871fcbd5e5b977604f48ea37b29fc6",
                "sha256:0d5b1159a24a56fd3359b7b1aa1e4331c394033eababb2972bb923d6767968db",
                "sha256:11453e8628cdccbcb08e04405298d659c0c0458cf9bf23eaaa3c201f8d635389",
                "sha256:22e050089f60e70b97909fe62612ee9589f0be1c928c2aa637f2534eddf61632",
                "sha256:27317f1e8e496a2f208b1c40da425d5fe760b494f95c847bb7c3074c95a8edcb",
                "sha256:32e2fe1d0c5fada45b22b647f88367b210dfea40a5cc849b142b4e9fa497c488",
                "sha256:3a998b390a80fd0d22c7d9fbaf49a9a11772ef90495a8baecdea2e6d09929937",
                "sha256:46dda35fbed5426794ab64d483d6257dc43f52e78ba934563492df7cb89f7de6",
                "sha256:4846ca0f2363bdb934c556667b056331d4aabd48f20924b0c5583a49d764d3fc",
                "sha256:550f5e6f07b091f986023f871fa8a2bde9875ccae51d4bd07b31fa9855fe994f",
                "sha256:561905b459de41c3ad19912cdcd88c8e24295d01e97b7b2a63d4188c8e4e0dbc",
                "sha256:5745ca86a4e88a775b7cace28b947a86661d5cc09ecc1c8d97293a7d20c1bb79",
                "sha256:5c2a3bb28dde992f97d856937e973dda0462bf3acb7d0009308a81159a35323b",
                "sha256:73a8acc8ff7f09d482e481757d92a250f803e66e0f248019df90a69e61840180",
                "sha256:8601613ebc329b853e466f581ad1156638989926e0dcdf52952542a89883836c",
                "sha256:8b604f4fa1de456d6d19771b01c2823675a75a2c60e51a6b738f71fdfe865370",
                "sha256:96f8622cb8061f4aca95e52cc835659f024bc2e237ee6a9d01117873b7490b98",
                "sha256:a01c99532c5f7ab96274b5c9f3e135315b79b55ba5c8233fc4d029e0369e94df",
                "sha256:c63040e0313e27b62b0f4295f41adecf96cde7ff4d49f653b81b1958cb1180bf",
                "sha256:c812cb9f3af63da8eaa251e7e48f8b38c4e40974d2bdae2f0ca7a7a12549727a",
                "sha256:cb9e8ef672b7a961f90e0a497718e0f052f76324f216840a4ec30248e4d19f20",
                "sha256:ce8edda46374c344de87089f9887ad4dd317bb4a22f91f1844202eaf14b08de0",
                "sha256:de58de0d5f2fb9253707ee718e1378f2194fdd394cdbed1b6464ab44642f5217",
                "sha256:e0100f9b93d0119d846a33e6cb5001ee208519b81c6acf76da614b71de75885b",
                "sha256:e530b77bdff5c2bf3065e6a088e1602ad193b43e285bac196d4b8820308ec6bb",
                "sha256:f048069aa7b530f1c5e84d55c2b28ca7a7272bb3b8d28829d454a94bec6529a8",
                "sha256:f6a9271c842e93c349b6007676a62d03dca712c9f4dff66c3270d50504ca9014"
            ],
            "version": "==3.9.0"
        },
        "pylibscrypt": {
            "hashes": [
                "sha256:893c4519afae05878f7aa313b76f6193e4d4b69d157b7febf6a5ef69ae3bf6e9"
            ],
            "version": "==1.8.0"
        },
        "pylint": {
            "hashes": [
                "sha256:689de29ae747642ab230c6d37be2b969bf75663176658851f456619aacf27492",
                "sha256:771467c434d0d9f081741fec1d64dfb011ed26e65e12a28fe06ca2f61c4d556c"
            ],
            "index": "pypi",
            "version": "==2.2.2"
        },
        "pymysql": {
            "hashes": [
                "sha256:3943fbbbc1e902f41daf7f9165519f140c4451c179380677e6a848587042561a",
                "sha256:d8c059dcd81dedb85a9f034d5e22dcb4442c0b201908bede99e306d65ea7c8e7"
            ],
            "index": "pypi",
            "version": "==0.9.3"
        },
        "python-dateutil": {
            "hashes": [
                "sha256:7e6584c74aeed623791615e26efd690f29817a27c73085b78e4bad02493df2fb",
                "sha256:c89805f6f4d64db21ed966fda138f8a5ed7a4fdbc1a8ee329ce1b74e3c74da9e"
            ],
            "version": "==2.8.0"
        },
        "pytz": {
            "hashes": [
                "sha256:1c557d7d0e871de1f5ccd5833f60fb2550652da6be2693c1e02300743d21500d",
                "sha256:b02c06db6cf09c12dd25137e563b31700d3b80fcc4ad23abb7a315f2789819be"
            ],
            "version": "==2019.3"
        },
        "pyyaml": {
            "hashes": [
                "sha256:1adecc22f88d38052fb787d959f003811ca858b799590a5eaa70e63dca50308c",
                "sha256:436bc774ecf7c103814098159fbb84c2715d25980175292c648f2da143909f95",
                "sha256:460a5a4248763f6f37ea225d19d5c205677d8d525f6a83357ca622ed541830c2",
                "sha256:5a22a9c84653debfbf198d02fe592c176ea548cccce47553f35f466e15cf2fd4",
                "sha256:7a5d3f26b89d688db27822343dfa25c599627bc92093e788956372285c6298ad",
                "sha256:9372b04a02080752d9e6f990179a4ab840227c6e2ce15b95e1278456664cf2ba",
                "sha256:a5dcbebee834eaddf3fa7366316b880ff4062e4bcc9787b78c7fbb4a26ff2dd1",
                "sha256:aee5bab92a176e7cd034e57f46e9df9a9862a71f8f37cad167c6fc74c65f5b4e",
                "sha256:c51f642898c0bacd335fc119da60baae0824f2cde95b0330b56c0553439f0673",
                "sha256:c68ea4d3ba1705da1e0d85da6684ac657912679a649e8868bd850d2c299cce13",
                "sha256:e23d0cc5299223dcc37885dae624f382297717e459ea24053709675a976a3e19"
            ],
            "index": "pypi",
            "version": "==5.1"
        },
        "requests": {
            "hashes": [
                "sha256:11e007a8a2aa0323f5a921e9e6a2d7e4e67d9877e85773fba9ba6419025cbeb4",
                "sha256:9cf5292fcd0f598c671cfc1e0d7d1a7f13bb8085e9a590f48c010551dc6c4b31"
            ],
            "version": "==2.22.0"
        },
        "scrypt": {
            "hashes": [
                "sha256:1377b1adc98c4152694bf5d7e93b41a9d2e9060af69b747cfad8c93ac426f9ea",
                "sha256:336a76da970674206591a9d1092b165a6792eadeaed5fd8fd0d7e367ea0cd74a",
                "sha256:40fcaecc2e6cc3f9d200c7fb111454f4b584dcde3cf1242d0730ca299fb08553",
                "sha256:96ef78c99b324000cadf019c6af1f6cd2fefc1048951fc07365ec74bf99c17f9",
                "sha256:a12930a9942774dbaebe0ae4e3d089a6ea158daf7fc6d9b81aba47bcb73103ff",
                "sha256:b5434eb5608d491abf42bdacb5dea2103ff25d4e42c0a2b574bd74c7789bbb37",
                "sha256:b9da3cd041efdbfde0f353351b6f8a8e0b7b7b4e8d95a29e59f77c48e2cee96d",
                "sha256:d5acc01c27048ad5f5477aeaa97c8faa1bd739f0a915d31b4526e18609fd9df1",
                "sha256:e1d24b8dd8a4451745a0f99c6bf356475fa822e5ebdeb207ea99f0fdab54c909"
            ],
            "version": "==0.8.13"
        },
        "six": {
            "hashes": [
                "sha256:3350809f0555b11f552448330d0b52d5f24c91a322ea4a15ef22629740f3761c",
                "sha256:d16a0141ec1a18405cd4ce8b4613101da75da0e9a7aec5bdd4fa804d0e0eba73"
            ],
            "version": "==1.12.0"
        },
        "typed-ast": {
            "hashes": [
                "sha256:1170afa46a3799e18b4c977777ce137bb53c7485379d9706af8a59f2ea1aa161",
                "sha256:18511a0b3e7922276346bcb47e2ef9f38fb90fd31cb9223eed42c85d1312344e",
                "sha256:262c247a82d005e43b5b7f69aff746370538e176131c32dda9cb0f324d27141e",
                "sha256:2b907eb046d049bcd9892e3076c7a6456c93a25bebfe554e931620c90e6a25b0",
                "sha256:354c16e5babd09f5cb0ee000d54cfa38401d8b8891eefa878ac772f827181a3c",
                "sha256:48e5b1e71f25cfdef98b013263a88d7145879fbb2d5185f2a0c79fa7ebbeae47",
                "sha256:4e0b70c6fc4d010f8107726af5fd37921b666f5b31d9331f0bd24ad9a088e631",
                "sha256:630968c5cdee51a11c05a30453f8cd65e0cc1d2ad0d9192819df9978984529f4",
                "sha256:66480f95b8167c9c5c5c87f32cf437d585937970f3fc24386f313a4c97b44e34",
                "sha256:71211d26ffd12d63a83e079ff258ac9d56a1376a25bc80b1cdcdf601b855b90b",
                "sha256:7954560051331d003b4e2b3eb822d9dd2e376fa4f6d98fee32f452f52dd6ebb2",
                "sha256:838997f4310012cf2e1ad3803bce2f3402e9ffb71ded61b5ee22617b3a7f6b6e",
                "sha256:95bd11af7eafc16e829af2d3df510cecfd4387f6453355188342c3e79a2ec87a",
                "sha256:bc6c7d3fa1325a0c6613512a093bc2a2a15aeec350451cbdf9e1d4bffe3e3233",
                "sha256:cc34a6f5b426748a507dd5d1de4c1978f2eb5626d51326e43280941206c209e1",
                "sha256:d755f03c1e4a51e9b24d899561fec4ccaf51f210d52abdf8c07ee2849b212a36",
                "sha256:d7c45933b1bdfaf9f36c579671fec15d25b06c8398f113dab64c18ed1adda01d",
                "sha256:d896919306dd0aa22d0132f62a1b78d11aaf4c9fc5b3410d3c666b818191630a",
                "sha256:fdc1c9bbf79510b76408840e009ed65958feba92a88833cdceecff93ae8fff66",
                "sha256:ffde2fbfad571af120fcbfbbc61c72469e72f550d676c3342492a9dfdefb8f12"
            ],
            "markers": "implementation_name == 'cpython' and python_version < '3.8'",
            "version": "==1.4.0"
        },
        "urllib3": {
            "hashes": [
                "sha256:61bf29cada3fc2fbefad4fdf059ea4bd1b4a86d2b6d15e1c7c0b582b9752fe39",
                "sha256:de9529817c93f27c8ccbfead6985011db27bd0ddfcdb2d86f3f663385c6a9c22"
            ],
            "index": "pypi",
            "version": "==1.24.1"
        },
        "uwsgi": {
            "hashes": [
                "sha256:4972ac538800fb2d421027f49b4a1869b66048839507ccf0aa2fda792d99f583"
            ],
            "index": "pypi",
            "version": "==2.0.18"
        },
        "websocket-client": {
            "hashes": [
                "sha256:1151d5fb3a62dc129164292e1227655e4bbc5dd5340a5165dfae61128ec50aa9",
                "sha256:1fd5520878b68b84b5748bb30e592b10d0a91529d5383f74f4964e72b297fd3a"
            ],
            "version": "==0.56.0"
        },
        "whitenoise": {
            "hashes": [
                "sha256:118ab3e5f815d380171b100b05b76de2a07612f422368a201a9ffdeefb2251c1",
                "sha256:42133ddd5229eeb6a0c9899496bdbe56c292394bf8666da77deeb27454c0456a"
            ],
            "index": "pypi",
            "version": "==4.1.2"
        },
        "wrapt": {
            "hashes": [
                "sha256:565a021fd19419476b9362b05eeaa094178de64f8361e44468f9e9d7843901e1"
            ],
            "version": "==1.11.2"
        }
    },
    "develop": {}
}
